// !$*UTF8*$!
{
	archiveVersion = 1;
	classes = {
	};
	objectVersion = 48;
	objects = {

/* Begin PBXBuildFile section */
		CABCBC89203FE19B0018A5B1 /* AppDelegate.swift in Sources */ = {isa = PBXBuildFile; fileRef = CABCBC88203FE19B0018A5B1 /* AppDelegate.swift */; };
		CABCBC8B203FE19B0018A5B1 /* ViewController.swift in Sources */ = {isa = PBXBuildFile; fileRef = CABCBC8A203FE19B0018A5B1 /* ViewController.swift */; };
		CABCBC8E203FE19B0018A5B1 /* Main.storyboard in Resources */ = {isa = PBXBuildFile; fileRef = CABCBC8C203FE19B0018A5B1 /* Main.storyboard */; };
		CABCBC90203FE19B0018A5B1 /* Assets.xcassets in Resources */ = {isa = PBXBuildFile; fileRef = CABCBC8F203FE19B0018A5B1 /* Assets.xcassets */; };
		CABCBC93203FE19B0018A5B1 /* LaunchScreen.storyboard in Resources */ = {isa = PBXBuildFile; fileRef = CABCBC91203FE19B0018A5B1 /* LaunchScreen.storyboard */; };
		CABCBC9B203FE59F0018A5B1 /* VideoOne.mp4 in Resources */ = {isa = PBXBuildFile; fileRef = CABCBC9A203FE59F0018A5B1 /* VideoOne.mp4 */; };
/* End PBXBuildFile section */

/* Begin PBXFileReference section */
		CABCBC85203FE19B0018A5B1 /* DemoBackgroundProblem.app */ = {isa = PBXFileReference; explicitFileType = wrapper.application; includeInIndex = 0; path = DemoBackgroundProblem.app; sourceTree = BUILT_PRODUCTS_DIR; };
		CABCBC88203FE19B0018A5B1 /* AppDelegate.swift */ = {isa = PBXFileReference; lastKnownFileType = sourcecode.swift; path = AppDelegate.swift; sourceTree = "<group>"; };
		CABCBC8A203FE19B0018A5B1 /* ViewController.swift */ = {isa = PBXFileReference; lastKnownFileType = sourcecode.swift; path = ViewController.swift; sourceTree = "<group>"; };
		CABCBC8D203FE19B0018A5B1 /* Base */ = {isa = PBXFileReference; lastKnownFileType = file.storyboard; name = Base; path = Base.lproj/Main.storyboard; sourceTree = "<group>"; };
		CABCBC8F203FE19B0018A5B1 /* Assets.xcassets */ = {isa = PBXFileReference; lastKnownFileType = folder.assetcatalog; path = Assets.xcassets; sourceTree = "<group>"; };
		CABCBC92203FE19B0018A5B1 /* Base */ = {isa = PBXFileReference; lastKnownFileType = file.storyboard; name = Base; path = Base.lproj/LaunchScreen.storyboard; sourceTree = "<group>"; };
		CABCBC94203FE19B0018A5B1 /* Info.plist */ = {isa = PBXFileReference; lastKnownFileType = text.plist.xml; path = Info.plist; sourceTree = "<group>"; };
		CABCBC9A203FE59F0018A5B1 /* VideoOne.mp4 */ = {isa = PBXFileReference; lastKnownFileType = file; path = VideoOne.mp4; sourceTree = "<group>"; };
/* End PBXFileReference section */

/* Begin PBXFrameworksBuildPhase section */
		CABCBC82203FE19B0018A5B1 /* Frameworks */ = {
			isa = PBXFrameworksBuildPhase;
			buildActionMask = 2147483647;
			files = (
			);
			runOnlyForDeploymentPostprocessing = 0;
		};
/* End PBXFrameworksBuildPhase section */

/* Begin PBXGroup section */
		CABCBC7C203FE19A0018A5B1 = {
			isa = PBXGroup;
			children = (
				CABCBC87203FE19B0018A5B1 /* DemoBackgroundProblem */,
				CABCBC86203FE19B0018A5B1 /* Products */,
			);
			sourceTree = "<group>";
		};
		CABCBC86203FE19B0018A5B1 /* Products */ = {
			isa = PBXGroup;
			children = (
				CABCBC85203FE19B0018A5B1 /* DemoBackgroundProblem.app */,
			);
			name = Products;
			sourceTree = "<group>";
		};
		CABCBC87203FE19B0018A5B1 /* DemoBackgroundProblem */ = {
			isa = PBXGroup;
			children = (
				CABCBC88203FE19B0018A5B1 /* AppDelegate.swift */,
				CABCBC8A203FE19B0018A5B1 /* ViewController.swift */,
				CABCBC8C203FE19B0018A5B1 /* Main.storyboard */,
				CABCBC8F203FE19B0018A5B1 /* Assets.xcassets */,
				CABCBC9A203FE59F0018A5B1 /* VideoOne.mp4 */,
				CABCBC91203FE19B0018A5B1 /* LaunchScreen.storyboard */,
				CABCBC94203FE19B0018A5B1 /* Info.plist */,
			);
			path = DemoBackgroundProblem;
			sourceTree = "<group>";
		};
/* End PBXGroup section */

/* Begin PBXNativeTarget section */
		CABCBC84203FE19B0018A5B1 /* DemoBackgroundProblem */ = {
			isa = PBXNativeTarget;
			buildConfigurationList = CABCBC97203FE19B0018A5B1 /* Build configuration list for PBXNativeTarget "DemoBackgroundProblem" */;
			buildPhases = (
				CABCBC81203FE19B0018A5B1 /* Sources */,
				CABCBC82203FE19B0018A5B1 /* Frameworks */,
				CABCBC83203FE19B0018A5B1 /* Resources */,
			);
			buildRules = (
			);
			dependencies = (
			);
			name = DemoBackgroundProblem;
			productName = DemoBackgroundProblem;
			productReference = CABCBC85203FE19B0018A5B1 /* DemoBackgroundProblem.app */;
			productType = "com.apple.product-type.application";
		};
/* End PBXNativeTarget section */

/* Begin PBXProject section */
		CABCBC7D203FE19A0018A5B1 /* Project object */ = {
			isa = PBXProject;
			attributes = {
				LastSwiftUpdateCheck = 0920;
				LastUpgradeCheck = 0920;
				ORGANIZATIONNAME = saffron;
				TargetAttributes = {
					CABCBC84203FE19B0018A5B1 = {
						CreatedOnToolsVersion = 9.2;
						ProvisioningStyle = Automatic;
					};
				};
			};
			buildConfigurationList = CABCBC80203FE19A0018A5B1 /* Build configuration list for PBXProject "DemoBackgroundProblem" */;
			compatibilityVersion = "Xcode 8.0";
			developmentRegion = en;
			hasScannedForEncodings = 0;
			knownRegions = (
				en,
				Base,
			);
			mainGroup = CABCBC7C203FE19A0018A5B1;
			productRefGroup = CABCBC86203FE19B0018A5B1 /* Products */;
			projectDirPath = "";
			projectRoot = "";
			targets = (
				CABCBC84203FE19B0018A5B1 /* DemoBackgroundProblem */,
			);
		};
/* End PBXProject section */

/* Begin PBXResourcesBuildPhase section */
		CABCBC83203FE19B0018A5B1 /* Resources */ = {
			isa = PBXResourcesBuildPhase;
			buildActionMask = 2147483647;
			files = (
				CABCBC9B203FE59F0018A5B1 /* VideoOne.mp4 in Resources */,
				CABCBC93203FE19B0018A5B1 /* LaunchScreen.storyboard in Resources */,
				CABCBC90203FE19B0018A5B1 /* Assets.xcassets in Resources */,
				CABCBC8E203FE19B0018A5B1 /* Main.storyboard in Resources */,
			);
			runOnlyForDeploymentPostprocessing = 0;
		};
/* End PBXResourcesBuildPhase section */

/* Begin PBXSourcesBuildPhase section */
		CABCBC81203FE19B0018A5B1 /* Sources */ = {
			isa = PBXSourcesBuildPhase;
			buildActionMask = 2147483647;
			files = (
				CABCBC8B203FE19B0018A5B1 /* ViewController.swift in Sources */,
				CABCBC89203FE19B0018A5B1 /* AppDelegate.swift in Sources */,
			);
			runOnlyForDeploymentPostprocessing = 0;
		};
/* End PBXSourcesBuildPhase section */

/* Begin PBXVariantGroup section */
		CABCBC8C203FE19B0018A5B1 /* Main.storyboard */ = {
			isa = PBXVariantGroup;
			children = (
				CABCBC8D203FE19B0018A5B1 /* Base */,
			);
			name = Main.storyboard;
			sourceTree = "<group>";
		};
		CABCBC91203FE19B0018A5B1 /* LaunchScreen.storyboard */ = {
			isa = PBXVariantGroup;
			children = (
				CABCBC92203FE19B0018A5B1 /* Base */,
			);
			name = LaunchScreen.storyboard;
			sourceTree = "<group>";
		};
/* End PBXVariantGroup section */

/* Begin XCBuildConfiguration section */
		CABCBC95203FE19B0018A5B1 /* Debug */ = {
			isa = XCBuildConfiguration;
			buildSettings = {
				ALWAYS_SEARCH_USER_PATHS = NO;
				CLANG_ANALYZER_NONNULL = YES;
				CLANG_ANALYZER_NUMBER_OBJECT_CONVERSION = YES_AGGRESSIVE;
				CLANG_CXX_LANGUAGE_STANDARD = "gnu++14";
				CLANG_CXX_LIBRARY = "libc++";
				CLANG_ENABLE_MODULES = YES;
				CLANG_ENABLE_OBJC_ARC = YES;
				CLANG_WARN_BLOCK_CAPTURE_AUTORELEASING = YES;
				CLANG_WARN_BOOL_CONVERSION = YES;
				CLANG_WARN_COMMA = YES;
				CLANG_WARN_CONSTANT_CONVERSION = YES;
				CLANG_WARN_DIRECT_OBJC_ISA_USAGE = YES_ERROR;
				CLANG_WARN_DOCUMENTATION_COMMENTS = YES;
				CLANG_WARN_EMPTY_BODY = YES;
				CLANG_WARN_ENUM_CONVERSION = YES;
				CLANG_WARN_INFINITE_RECURSION = YES;
				CLANG_WARN_INT_CONVERSION = YES;
				CLANG_WARN_NON_LITERAL_NULL_CONVERSION = YES;
				CLANG_WARN_OBJC_LITERAL_CONVERSION = YES;
				CLANG_WARN_OBJC_ROOT_CLASS = YES_ERROR;
				CLANG_WARN_RANGE_LOOP_ANALYSIS = YES;
				CLANG_WARN_STRICT_PROTOTYPES = YES;
				CLANG_WARN_SUSPICIOUS_MOVE = YES;
				CLANG_WARN_UNGUARDED_AVAILABILITY = YES_AGGRESSIVE;
				CLANG_WARN_UNREACHABLE_CODE = YES;
				CLANG_WARN__DUPLICATE_METHOD_MATCH = YES;
				CODE_SIGN_IDENTITY = "iPhone Developer";
				COPY_PHASE_STRIP = NO;
				DEBUG_INFORMATION_FORMAT = dwarf;
				ENABLE_STRICT_OBJC_MSGSEND = YES;
				ENABLE_TESTABILITY = YES;
				GCC_C_LANGUAGE_STANDARD = gnu11;
				GCC_DYNAMIC_NO_PIC = NO;
				GCC_NO_COMMON_BLOCKS = YES;
				GCC_OPTIMIZATION_LEVEL = 0;
				GCC_PREPROCESSOR_DEFINITIONS = (
					"DEBUG=1",
					"$(inherited)",
				);
				GCC_WARN_64_TO_32_BIT_CONVERSION = YES;
				GCC_WARN_ABOUT_RETURN_TYPE = YES_ERROR;
				GCC_WARN_UNDECLARED_SELECTOR = YES;
				GCC_WARN_UNINITIALIZED_AUTOS = YES_AGGRESSIVE;
				GCC_WARN_UNUSED_FUNCTION = YES;
				GCC_WARN_UNUSED_VARIABLE = YES;
				IPHONEOS_DEPLOYMENT_TARGET = 11.2;
				MTL_ENABLE_DEBUG_INFO = YES;
				ONLY_ACTIVE_ARCH = YES;
				SDKROOT = iphoneos;
				SWIFT_ACTIVE_COMPILATION_CONDITIONS = DEBUG;
				SWIFT_OPTIMIZATION_LEVEL = "-Onone";
			};
			name = Debug;
		};
		CABCBC96203FE19B0018A5B1 /* Release */ = {
			isa = XCBuildConfiguration;
			buildSettings = {
				ALWAYS_SEARCH_USER_PATHS = NO;
				CLANG_ANALYZER_NONNULL = YES;
				CLANG_ANALYZER_NUMBER_OBJECT_CONVERSION = YES_AGGRESSIVE;
				CLANG_CXX_LANGUAGE_STANDARD = "gnu++14";
				CLANG_CXX_LIBRARY = "libc++";
				CLANG_ENABLE_MODULES = YES;
				CLANG_ENABLE_OBJC_ARC = YES;
				CLANG_WARN_BLOCK_CAPTURE_AUTORELEASING = YES;
				CLANG_WARN_BOOL_CONVERSION = YES;
				CLANG_WARN_COMMA = YES;
				CLANG_WARN_CONSTANT_CONVERSION = YES;
				CLANG_WARN_DIRECT_OBJC_ISA_USAGE = YES_ERROR;
				CLANG_WARN_DOCUMENTATION_COMMENTS = YES;
				CLANG_WARN_EMPTY_BODY = YES;
				CLANG_WARN_ENUM_CONVERSION = YES;
				CLANG_WARN_INFINITE_RECURSION = YES;
				CLANG_WARN_INT_CONVERSION = YES;
				CLANG_WARN_NON_LITERAL_NULL_CONVERSION = YES;
				CLANG_WARN_OBJC_LITERAL_CONVERSION = YES;
				CLANG_WARN_OBJC_ROOT_CLASS = YES_ERROR;
				CLANG_WARN_RANGE_LOOP_ANALYSIS = YES;
				CLANG_WARN_STRICT_PROTOTYPES = YES;
				CLANG_WARN_SUSPICIOUS_MOVE = YES;
				CLANG_WARN_UNGUARDED_AVAILABILITY = YES_AGGRESSIVE;
				CLANG_WARN_UNREACHABLE_CODE = YES;
				CLANG_WARN__DUPLICATE_METHOD_MATCH = YES;
				CODE_SIGN_IDENTITY = "iPhone Developer";
				COPY_PHASE_STRIP = NO;
				DEBUG_INFORMATION_FORMAT = "dwarf-with-dsym";
				ENABLE_NS_ASSERTIONS = NO;
				ENABLE_STRICT_OBJC_MSGSEND = YES;
				GCC_C_LANGUAGE_STANDARD = gnu11;
				GCC_NO_COMMON_BLOCKS = YES;
				GCC_WARN_64_TO_32_BIT_CONVERSION = YES;
				GCC_WARN_ABOUT_RETURN_TYPE = YES_ERROR;
				GCC_WARN_UNDECLARED_SELECTOR = YES;
				GCC_WARN_UNINITIALIZED_AUTOS = YES_AGGRESSIVE;
				GCC_WARN_UNUSED_FUNCTION = YES;
				GCC_WARN_UNUSED_VARIABLE = YES;
				IPHONEOS_DEPLOYMENT_TARGET = 11.2;
				MTL_ENABLE_DEBUG_INFO = NO;
				SDKROOT = iphoneos;
				SWIFT_OPTIMIZATION_LEVEL = "-Owholemodule";
				VALIDATE_PRODUCT = YES;
			};
			name = Release;
		};
		CABCBC98203FE19B0018A5B1 /* Debug */ = {
			isa = XCBuildConfiguration;
			buildSettings = {
				ASSETCATALOG_COMPILER_APPICON_NAME = AppIcon;
				CODE_SIGN_STYLE = Automatic;
				INFOPLIST_FILE = DemoBackgroundProblem/Info.plist;
				LD_RUNPATH_SEARCH_PATHS = "$(inherited) @executable_path/Frameworks";
				PRODUCT_BUNDLE_IDENTIFIER = com.saffron.DemoBackgroundProblem;
				PRODUCT_NAME = "$(TARGET_NAME)";
				SWIFT_VERSION = 4.0;
				TARGETED_DEVICE_FAMILY = "1,2";
			};
			name = Debug;
		};
		CABCBC99203FE19B0018A5B1 /* Release */ = {
			isa = XCBuildConfiguration;
			buildSettings = {
				ASSETCATALOG_COMPILER_APPICON_NAME = AppIcon;
				CODE_SIGN_STYLE = Automatic;
				INFOPLIST_FILE = DemoBackgroundProblem/Info.plist;
				LD_RUNPATH_SEARCH_PATHS = "$(inherited) @executable_path/Frameworks";
				PRODUCT_BUNDLE_IDENTIFIER = com.saffron.DemoBackgroundProblem;
				PRODUCT_NAME = "$(TARGET_NAME)";
				SWIFT_VERSION = 4.0;
				TARGETED_DEVICE_FAMILY = "1,2";
			};
			name = Release;
		};
/* End XCBuildConfiguration section */

/* Begin XCConfigurationList section */
		CABCBC80203FE19A0018A5B1 /* Build configuration list for PBXProject "DemoBackgroundProblem" */ = {
			isa = XCConfigurationList;
			buildConfigurations = (
				CABCBC95203FE19B0018A5B1 /* Debug */,
				CABCBC96203FE19B0018A5B1 /* Release */,
			);
			defaultConfigurationIsVisible = 0;
			defaultConfigurationName = Release;
		};
		CABCBC97203FE19B0018A5B1 /* Build configuration list for PBXNativeTarget "DemoBackgroundProblem" */ = {
			isa = XCConfigurationList;
			buildConfigurations = (
				CABCBC98203FE19B0018A5B1 /* Debug */,
				CABCBC99203FE19B0018A5B1 /* Release */,
			);
			defaultConfigurationIsVisible = 0;
			defaultConfigurationName = Release;
		};
/* End XCConfigurationList section */
	};
	rootObject = CABCBC7D203FE19A0018A5B1 /* Project object */;
}
